// !$*UTF8*$!
{
	archiveVersion = 1;
	classes = {
	};
	objectVersion = 51;
	objects = {

/* Begin PBXBuildFile section */
		4888806F9CAEAC8721240201 /* libPods-PicSafe.a in Frameworks */ = {isa = PBXBuildFile; fileRef = 3406955DCEE78050CC302986 /* libPods-PicSafe.a */; };
		694C292E23194B82008D84E6 /* PassCodeInputViewController.swift in Sources */ = {isa = PBXBuildFile; fileRef = 694C292D23194B82008D84E6 /* PassCodeInputViewController.swift */; };
		69CD3DFA2430840E00C3C8EF /* ImageStore.swift in Sources */ = {isa = PBXBuildFile; fileRef = 69CD3DF92430840E00C3C8EF /* ImageStore.swift */; };
		69D0AAD923193C2A00707ACE /* AppDelegate.swift in Sources */ = {isa = PBXBuildFile; fileRef = 69D0AAD823193C2A00707ACE /* AppDelegate.swift */; };
		69D0AADB23193C2A00707ACE /* ViewController.swift in Sources */ = {isa = PBXBuildFile; fileRef = 69D0AADA23193C2A00707ACE /* ViewController.swift */; };
		69D0AADE23193C2A00707ACE /* Main.storyboard in Resources */ = {isa = PBXBuildFile; fileRef = 69D0AADC23193C2A00707ACE /* Main.storyboard */; };
		69D0AAE123193C2A00707ACE /* PicSafe.xcdatamodeld in Sources */ = {isa = PBXBuildFile; fileRef = 69D0AADF23193C2A00707ACE /* PicSafe.xcdatamodeld */; };
		69D0AAE323193C2B00707ACE /* Assets.xcassets in Resources */ = {isa = PBXBuildFile; fileRef = 69D0AAE223193C2B00707ACE /* Assets.xcassets */; };
		69D0AAE623193C2B00707ACE /* LaunchScreen.storyboard in Resources */ = {isa = PBXBuildFile; fileRef = 69D0AAE423193C2B00707ACE /* LaunchScreen.storyboard */; };
		69DBFDA9242F579B0036DBAA /* Common.swift in Sources */ = {isa = PBXBuildFile; fileRef = 69DBFDA8242F579B0036DBAA /* Common.swift */; };
		69DBFDAB242F7FD50036DBAA /* PhotoCollectionViewController.swift in Sources */ = {isa = PBXBuildFile; fileRef = 69DBFDAA242F7FD50036DBAA /* PhotoCollectionViewController.swift */; };
		69DBFDAD242F97160036DBAA /* PhotoDetailViewController.swift in Sources */ = {isa = PBXBuildFile; fileRef = 69DBFDAC242F97160036DBAA /* PhotoDetailViewController.swift */; };
		B2031343231CB9D4008716A2 /* MainViewController.swift in Sources */ = {isa = PBXBuildFile; fileRef = B2031342231CB9D4008716A2 /* MainViewController.swift */; };
/* End PBXBuildFile section */

/* Begin PBXFileReference section */
		3406955DCEE78050CC302986 /* libPods-PicSafe.a */ = {isa = PBXFileReference; explicitFileType = archive.ar; includeInIndex = 0; path = "libPods-PicSafe.a"; sourceTree = BUILT_PRODUCTS_DIR; };
		694C292D23194B82008D84E6 /* PassCodeInputViewController.swift */ = {isa = PBXFileReference; lastKnownFileType = sourcecode.swift; path = PassCodeInputViewController.swift; sourceTree = "<group>"; };
		69CD3DF92430840E00C3C8EF /* ImageStore.swift */ = {isa = PBXFileReference; lastKnownFileType = sourcecode.swift; path = ImageStore.swift; sourceTree = "<group>"; };
		69D0AAD523193C2A00707ACE /* PicSafe.app */ = {isa = PBXFileReference; explicitFileType = wrapper.application; includeInIndex = 0; path = PicSafe.app; sourceTree = BUILT_PRODUCTS_DIR; };
		69D0AAD823193C2A00707ACE /* AppDelegate.swift */ = {isa = PBXFileReference; lastKnownFileType = sourcecode.swift; path = AppDelegate.swift; sourceTree = "<group>"; };
		69D0AADA23193C2A00707ACE /* ViewController.swift */ = {isa = PBXFileReference; lastKnownFileType = sourcecode.swift; path = ViewController.swift; sourceTree = "<group>"; };
		69D0AADD23193C2A00707ACE /* Base */ = {isa = PBXFileReference; lastKnownFileType = file.storyboard; name = Base; path = Base.lproj/Main.storyboard; sourceTree = "<group>"; };
		69D0AAE023193C2A00707ACE /* PicSafe.xcdatamodel */ = {isa = PBXFileReference; lastKnownFileType = wrapper.xcdatamodel; path = PicSafe.xcdatamodel; sourceTree = "<group>"; };
		69D0AAE223193C2B00707ACE /* Assets.xcassets */ = {isa = PBXFileReference; lastKnownFileType = folder.assetcatalog; path = Assets.xcassets; sourceTree = "<group>"; };
		69D0AAE523193C2B00707ACE /* Base */ = {isa = PBXFileReference; lastKnownFileType = file.storyboard; name = Base; path = Base.lproj/LaunchScreen.storyboard; sourceTree = "<group>"; };
		69D0AAE723193C2B00707ACE /* Info.plist */ = {isa = PBXFileReference; lastKnownFileType = text.plist.xml; path = Info.plist; sourceTree = "<group>"; };
		69DBFDA8242F579B0036DBAA /* Common.swift */ = {isa = PBXFileReference; lastKnownFileType = sourcecode.swift; path = Common.swift; sourceTree = "<group>"; };
		69DBFDAA242F7FD50036DBAA /* PhotoCollectionViewController.swift */ = {isa = PBXFileReference; lastKnownFileType = sourcecode.swift; path = PhotoCollectionViewController.swift; sourceTree = "<group>"; };
		69DBFDAC242F97160036DBAA /* PhotoDetailViewController.swift */ = {isa = PBXFileReference; lastKnownFileType = sourcecode.swift; path = PhotoDetailViewController.swift; sourceTree = "<group>"; };
		96348297B1B9A586BA34DFF9 /* Pods-PicSafe.debug.xcconfig */ = {isa = PBXFileReference; includeInIndex = 1; lastKnownFileType = text.xcconfig; name = "Pods-PicSafe.debug.xcconfig"; path = "Target Support Files/Pods-PicSafe/Pods-PicSafe.debug.xcconfig"; sourceTree = "<group>"; };
		A8321CDFAC95B5837A21C0A8 /* Pods-PicSafe.release.xcconfig */ = {isa = PBXFileReference; includeInIndex = 1; lastKnownFileType = text.xcconfig; name = "Pods-PicSafe.release.xcconfig"; path = "Target Support Files/Pods-PicSafe/Pods-PicSafe.release.xcconfig"; sourceTree = "<group>"; };
		B2031342231CB9D4008716A2 /* MainViewController.swift */ = {isa = PBXFileReference; lastKnownFileType = sourcecode.swift; path = MainViewController.swift; sourceTree = "<group>"; };
/* End PBXFileReference section */

/* Begin PBXFrameworksBuildPhase section */
		69D0AAD223193C2A00707ACE /* Frameworks */ = {
			isa = PBXFrameworksBuildPhase;
			buildActionMask = 2147483647;
			files = (
				4888806F9CAEAC8721240201 /* libPods-PicSafe.a in Frameworks */,
			);
			runOnlyForDeploymentPostprocessing = 0;
		};
/* End PBXFrameworksBuildPhase section */

/* Begin PBXGroup section */
		22D96EDBFF9FF957C0D8F613 /* Frameworks */ = {
			isa = PBXGroup;
			children = (
				3406955DCEE78050CC302986 /* libPods-PicSafe.a */,
			);
			name = Frameworks;
			sourceTree = "<group>";
		};
		694C292A23194B6E008D84E6 /* ViewControllers */ = {
			isa = PBXGroup;
			children = (
				694C292D23194B82008D84E6 /* PassCodeInputViewController.swift */,
				B2031342231CB9D4008716A2 /* MainViewController.swift */,
				69DBFDAA242F7FD50036DBAA /* PhotoCollectionViewController.swift */,
				69DBFDAC242F97160036DBAA /* PhotoDetailViewController.swift */,
			);
			path = ViewControllers;
			sourceTree = "<group>";
		};
		69D0AACC23193C2A00707ACE = {
			isa = PBXGroup;
			children = (
				69D0AAD723193C2A00707ACE /* PicSafe */,
				69D0AAD623193C2A00707ACE /* Products */,
				762C46073CC60E4A05BB5084 /* Pods */,
				22D96EDBFF9FF957C0D8F613 /* Frameworks */,
			);
			sourceTree = "<group>";
		};
		69D0AAD623193C2A00707ACE /* Products */ = {
			isa = PBXGroup;
			children = (
				69D0AAD523193C2A00707ACE /* PicSafe.app */,
			);
			name = Products;
			sourceTree = "<group>";
		};
		69D0AAD723193C2A00707ACE /* PicSafe */ = {
			isa = PBXGroup;
			children = (
				69DBFDA7242F57820036DBAA /* Models */,
				694C292A23194B6E008D84E6 /* ViewControllers */,
				69D0AAD823193C2A00707ACE /* AppDelegate.swift */,
				69D0AAE223193C2B00707ACE /* Assets.xcassets */,
				69D0AAE723193C2B00707ACE /* Info.plist */,
				69D0AAE423193C2B00707ACE /* LaunchScreen.storyboard */,
				69D0AADC23193C2A00707ACE /* Main.storyboard */,
				69D0AADF23193C2A00707ACE /* PicSafe.xcdatamodeld */,
				69D0AADA23193C2A00707ACE /* ViewController.swift */,
			);
			path = PicSafe;
			sourceTree = "<group>";
		};
		69DBFDA7242F57820036DBAA /* Models */ = {
			isa = PBXGroup;
			children = (
				69DBFDA8242F579B0036DBAA /* Common.swift */,
				69CD3DF92430840E00C3C8EF /* ImageStore.swift */,
			);
			path = Models;
			sourceTree = "<group>";
		};
		762C46073CC60E4A05BB5084 /* Pods */ = {
			isa = PBXGroup;
			children = (
				96348297B1B9A586BA34DFF9 /* Pods-PicSafe.debug.xcconfig */,
				A8321CDFAC95B5837A21C0A8 /* Pods-PicSafe.release.xcconfig */,
			);
			path = Pods;
			sourceTree = "<group>";
		};
/* End PBXGroup section */

/* Begin PBXNativeTarget section */
		69D0AAD423193C2A00707ACE /* PicSafe */ = {
			isa = PBXNativeTarget;
			buildConfigurationList = 69D0AAEA23193C2B00707ACE /* Build configuration list for PBXNativeTarget "PicSafe" */;
			buildPhases = (
				0D5545AA4EE55497F7E350E9 /* [CP] Check Pods Manifest.lock */,
				69D0AAD123193C2A00707ACE /* Sources */,
				69D0AAD223193C2A00707ACE /* Frameworks */,
				69D0AAD323193C2A00707ACE /* Resources */,
				528482899A6B9AE0A86DE56A /* [CP] Copy Pods Resources */,
			);
			buildRules = (
			);
			dependencies = (
			);
			name = PicSafe;
			productName = PicSafe;
			productReference = 69D0AAD523193C2A00707ACE /* PicSafe.app */;
			productType = "com.apple.product-type.application";
		};
/* End PBXNativeTarget section */

/* Begin PBXProject section */
		69D0AACD23193C2A00707ACE /* Project object */ = {
			isa = PBXProject;
			attributes = {
				LastSwiftUpdateCheck = 1020;
				LastUpgradeCheck = 1020;
				ORGANIZATIONNAME = Able;
				TargetAttributes = {
					69D0AAD423193C2A00707ACE = {
						CreatedOnToolsVersion = 10.2.1;
					};
				};
			};
			buildConfigurationList = 69D0AAD023193C2A00707ACE /* Build configuration list for PBXProject "PicSafe" */;
			compatibilityVersion = "Xcode 9.3";
			developmentRegion = en;
			hasScannedForEncodings = 0;
			knownRegions = (
				en,
				Base,
			);
			mainGroup = 69D0AACC23193C2A00707ACE;
			productRefGroup = 69D0AAD623193C2A00707ACE /* Products */;
			projectDirPath = "";
			projectRoot = "";
			targets = (
				69D0AAD423193C2A00707ACE /* PicSafe */,
			);
		};
/* End PBXProject section */

/* Begin PBXResourcesBuildPhase section */
		69D0AAD323193C2A00707ACE /* Resources */ = {
			isa = PBXResourcesBuildPhase;
			buildActionMask = 2147483647;
			files = (
				69D0AAE623193C2B00707ACE /* LaunchScreen.storyboard in Resources */,
				69D0AAE323193C2B00707ACE /* Assets.xcassets in Resources */,
				69D0AADE23193C2A00707ACE /* Main.storyboard in Resources */,
			);
			runOnlyForDeploymentPostprocessing = 0;
		};
/* End PBXResourcesBuildPhase section */

/* Begin PBXShellScriptBuildPhase section */
		0D5545AA4EE55497F7E350E9 /* [CP] Check Pods Manifest.lock */ = {
			isa = PBXShellScriptBuildPhase;
			buildActionMask = 2147483647;
			files = (
			);
			inputFileListPaths = (
			);
			inputPaths = (
				"${PODS_PODFILE_DIR_PATH}/Podfile.lock",
				"${PODS_ROOT}/Manifest.lock",
			);
			name = "[CP] Check Pods Manifest.lock";
			outputFileListPaths = (
			);
			outputPaths = (
				"$(DERIVED_FILE_DIR)/Pods-PicSafe-checkManifestLockResult.txt",
			);
			runOnlyForDeploymentPostprocessing = 0;
			shellPath = /bin/sh;
			shellScript = "diff \"${PODS_PODFILE_DIR_PATH}/Podfile.lock\" \"${PODS_ROOT}/Manifest.lock\" > /dev/null\nif [ $? != 0 ] ; then\n    # print error to STDERR\n    echo \"error: The sandbox is not in sync with the Podfile.lock. Run 'pod install' or update your CocoaPods installation.\" >&2\n    exit 1\nfi\n# This output is used by Xcode 'outputs' to avoid re-running this script phase.\necho \"SUCCESS\" > \"${SCRIPT_OUTPUT_FILE_0}\"\n";
			showEnvVarsInLog = 0;
		};
		528482899A6B9AE0A86DE56A /* [CP] Copy Pods Resources */ = {
			isa = PBXShellScriptBuildPhase;
			buildActionMask = 2147483647;
			files = (
			);
			inputFileListPaths = (
				"${PODS_ROOT}/Target Support Files/Pods-PicSafe/Pods-PicSafe-resources-${CONFIGURATION}-input-files.xcfilelist",
			);
			name = "[CP] Copy Pods Resources";
			outputFileListPaths = (
				"${PODS_ROOT}/Target Support Files/Pods-PicSafe/Pods-PicSafe-resources-${CONFIGURATION}-output-files.xcfilelist",
			);
			runOnlyForDeploymentPostprocessing = 0;
			shellPath = /bin/sh;
			shellScript = "\"${PODS_ROOT}/Target Support Files/Pods-PicSafe/Pods-PicSafe-resources.sh\"\n";
			showEnvVarsInLog = 0;
		};
/* End PBXShellScriptBuildPhase section */

/* Begin PBXSourcesBuildPhase section */
		69D0AAD123193C2A00707ACE /* Sources */ = {
			isa = PBXSourcesBuildPhase;
			buildActionMask = 2147483647;
			files = (
				69DBFDAD242F97160036DBAA /* PhotoDetailViewController.swift in Sources */,
				694C292E23194B82008D84E6 /* PassCodeInputViewController.swift in Sources */,
				69D0AAE123193C2A00707ACE /* PicSafe.xcdatamodeld in Sources */,
				69D0AADB23193C2A00707ACE /* ViewController.swift in Sources */,
				69DBFDAB242F7FD50036DBAA /* PhotoCollectionViewController.swift in Sources */,
				69D0AAD923193C2A00707ACE /* AppDelegate.swift in Sources */,
				69DBFDA9242F579B0036DBAA /* Common.swift in Sources */,
				69CD3DFA2430840E00C3C8EF /* ImageStore.swift in Sources */,
				B2031343231CB9D4008716A2 /* MainViewController.swift in Sources */,
			);
			runOnlyForDeploymentPostprocessing = 0;
		};
/* End PBXSourcesBuildPhase section */

/* Begin PBXVariantGroup section */
		69D0AADC23193C2A00707ACE /* Main.storyboard */ = {
			isa = PBXVariantGroup;
			children = (
				69D0AADD23193C2A00707ACE /* Base */,
			);
			name = Main.storyboard;
			path = .;
			sourceTree = "<group>";
		};
		69D0AAE423193C2B00707ACE /* LaunchScreen.storyboard */ = {
			isa = PBXVariantGroup;
			children = (
				69D0AAE523193C2B00707ACE /* Base */,
			);
			name = LaunchScreen.storyboard;
			path = .;
			sourceTree = "<group>";
		};
/* End PBXVariantGroup section */

/* Begin XCBuildConfiguration section */
		69D0AAE823193C2B00707ACE /* Debug */ = {
			isa = XCBuildConfiguration;
			buildSettings = {
				ALWAYS_SEARCH_USER_PATHS = NO;
				CLANG_ANALYZER_NONNULL = YES;
				CLANG_ANALYZER_NUMBER_OBJECT_CONVERSION = YES_AGGRESSIVE;
				CLANG_CXX_LANGUAGE_STANDARD = "gnu++14";
				CLANG_CXX_LIBRARY = "libc++";
				CLANG_ENABLE_MODULES = YES;
				CLANG_ENABLE_OBJC_ARC = YES;
				CLANG_ENABLE_OBJC_WEAK = YES;
				CLANG_WARN_BLOCK_CAPTURE_AUTORELEASING = YES;
				CLANG_WARN_BOOL_CONVERSION = YES;
				CLANG_WARN_COMMA = YES;
				CLANG_WARN_CONSTANT_CONVERSION = YES;
				CLANG_WARN_DEPRECATED_OBJC_IMPLEMENTATIONS = YES;
				CLANG_WARN_DIRECT_OBJC_ISA_USAGE = YES_ERROR;
				CLANG_WARN_DOCUMENTATION_COMMENTS = YES;
				CLANG_WARN_EMPTY_BODY = YES;
				CLANG_WARN_ENUM_CONVERSION = YES;
				CLANG_WARN_INFINITE_RECURSION = YES;
				CLANG_WARN_INT_CONVERSION = YES;
				CLANG_WARN_NON_LITERAL_NULL_CONVERSION = YES;
				CLANG_WARN_OBJC_IMPLICIT_RETAIN_SELF = YES;
				CLANG_WARN_OBJC_LITERAL_CONVERSION = YES;
				CLANG_WARN_OBJC_ROOT_CLASS = YES_ERROR;
				CLANG_WARN_RANGE_LOOP_ANALYSIS = YES;
				CLANG_WARN_STRICT_PROTOTYPES = YES;
				CLANG_WARN_SUSPICIOUS_MOVE = YES;
				CLANG_WARN_UNGUARDED_AVAILABILITY = YES_AGGRESSIVE;
				CLANG_WARN_UNREACHABLE_CODE = YES;
				CLANG_WARN__DUPLICATE_METHOD_MATCH = YES;
				CODE_SIGN_IDENTITY = "iPhone Developer";
				COPY_PHASE_STRIP = NO;
				DEBUG_INFORMATION_FORMAT = dwarf;
				ENABLE_STRICT_OBJC_MSGSEND = YES;
				ENABLE_TESTABILITY = YES;
				GCC_C_LANGUAGE_STANDARD = gnu11;
				GCC_DYNAMIC_NO_PIC = NO;
				GCC_NO_COMMON_BLOCKS = YES;
				GCC_OPTIMIZATION_LEVEL = 0;
				GCC_PREPROCESSOR_DEFINITIONS = (
					"DEBUG=1",
					"$(inherited)",
				);
				GCC_WARN_64_TO_32_BIT_CONVERSION = YES;
				GCC_WARN_ABOUT_RETURN_TYPE = YES_ERROR;
				GCC_WARN_UNDECLARED_SELECTOR = YES;
				GCC_WARN_UNINITIALIZED_AUTOS = YES_AGGRESSIVE;
				GCC_WARN_UNUSED_FUNCTION = YES;
				GCC_WARN_UNUSED_VARIABLE = YES;
				IPHONEOS_DEPLOYMENT_TARGET = 12.2;
				MTL_ENABLE_DEBUG_INFO = INCLUDE_SOURCE;
				MTL_FAST_MATH = YES;
				ONLY_ACTIVE_ARCH = YES;
				SDKROOT = iphoneos;
				SWIFT_ACTIVE_COMPILATION_CONDITIONS = DEBUG;
				SWIFT_OPTIMIZATION_LEVEL = "-Onone";
			};
			name = Debug;
		};
		69D0AAE923193C2B00707ACE /* Release */ = {
			isa = XCBuildConfiguration;
			buildSettings = {
				ALWAYS_SEARCH_USER_PATHS = NO;
				CLANG_ANALYZER_NONNULL = YES;
				CLANG_ANALYZER_NUMBER_OBJECT_CONVERSION = YES_AGGRESSIVE;
				CLANG_CXX_LANGUAGE_STANDARD = "gnu++14";
				CLANG_CXX_LIBRARY = "libc++";
				CLANG_ENABLE_MODULES = YES;
				CLANG_ENABLE_OBJC_ARC = YES;
				CLANG_ENABLE_OBJC_WEAK = YES;
				CLANG_WARN_BLOCK_CAPTURE_AUTORELEASING = YES;
				CLANG_WARN_BOOL_CONVERSION = YES;
				CLANG_WARN_COMMA = YES;
				CLANG_WARN_CONSTANT_CONVERSION = YES;
				CLANG_WARN_DEPRECATED_OBJC_IMPLEMENTATIONS = YES;
				CLANG_WARN_DIRECT_OBJC_ISA_USAGE = YES_ERROR;
				CLANG_WARN_DOCUMENTATION_COMMENTS = YES;
				CLANG_WARN_EMPTY_BODY = YES;
				CLANG_WARN_ENUM_CONVERSION = YES;
				CLANG_WARN_INFINITE_RECURSION = YES;
				CLANG_WARN_INT_CONVERSION = YES;
				CLANG_WARN_NON_LITERAL_NULL_CONVERSION = YES;
				CLANG_WARN_OBJC_IMPLICIT_RETAIN_SELF = YES;
				CLANG_WARN_OBJC_LITERAL_CONVERSION = YES;
				CLANG_WARN_OBJC_ROOT_CLASS = YES_ERROR;
				CLANG_WARN_RANGE_LOOP_ANALYSIS = YES;
				CLANG_WARN_STRICT_PROTOTYPES = YES;
				CLANG_WARN_SUSPICIOUS_MOVE = YES;
				CLANG_WARN_UNGUARDED_AVAILABILITY = YES_AGGRESSIVE;
				CLANG_WARN_UNREACHABLE_CODE = YES;
				CLANG_WARN__DUPLICATE_METHOD_MATCH = YES;
				CODE_SIGN_IDENTITY = "iPhone Developer";
				COPY_PHASE_STRIP = NO;
				DEBUG_INFORMATION_FORMAT = "dwarf-with-dsym";
				ENABLE_NS_ASSERTIONS = NO;
				ENABLE_STRICT_OBJC_MSGSEND = YES;
				GCC_C_LANGUAGE_STANDARD = gnu11;
				GCC_NO_COMMON_BLOCKS = YES;
				GCC_WARN_64_TO_32_BIT_CONVERSION = YES;
				GCC_WARN_ABOUT_RETURN_TYPE = YES_ERROR;
				GCC_WARN_UNDECLARED_SELECTOR = YES;
				GCC_WARN_UNINITIALIZED_AUTOS = YES_AGGRESSIVE;
				GCC_WARN_UNUSED_FUNCTION = YES;
				GCC_WARN_UNUSED_VARIABLE = YES;
				IPHONEOS_DEPLOYMENT_TARGET = 12.2;
				MTL_ENABLE_DEBUG_INFO = NO;
				MTL_FAST_MATH = YES;
				SDKROOT = iphoneos;
				SWIFT_COMPILATION_MODE = wholemodule;
				SWIFT_OPTIMIZATION_LEVEL = "-O";
				VALIDATE_PRODUCT = YES;
			};
			name = Release;
		};
		69D0AAEB23193C2B00707ACE /* Debug */ = {
			isa = XCBuildConfiguration;
			baseConfigurationReference = 96348297B1B9A586BA34DFF9 /* Pods-PicSafe.debug.xcconfig */;
			buildSettings = {
				ASSETCATALOG_COMPILER_APPICON_NAME = AppIcon;
				CODE_SIGN_STYLE = Automatic;
				DEVELOPMENT_TEAM = 6SPJ93UWZ2;
				INFOPLIST_FILE = PicSafe/Info.plist;
				LD_RUNPATH_SEARCH_PATHS = (
					"$(inherited)",
					"@executable_path/Frameworks",
				);
				PRODUCT_BUNDLE_IDENTIFIER = com.imtiazabbas.PicSafe;
				PRODUCT_NAME = "$(TARGET_NAME)";
				SWIFT_VERSION = 5.0;
				TARGETED_DEVICE_FAMILY = "1,2";
			};
			name = Debug;
		};
		69D0AAEC23193C2B00707ACE /* Release */ = {
			isa = XCBuildConfiguration;
			baseConfigurationReference = A8321CDFAC95B5837A21C0A8 /* Pods-PicSafe.release.xcconfig */;
			buildSettings = {
				ASSETCATALOG_COMPILER_APPICON_NAME = AppIcon;
				CODE_SIGN_STYLE = Automatic;
				DEVELOPMENT_TEAM = 6SPJ93UWZ2;
				INFOPLIST_FILE = PicSafe/Info.plist;
				LD_RUNPATH_SEARCH_PATHS = (
					"$(inherited)",
					"@executable_path/Frameworks",
				);
				PRODUCT_BUNDLE_IDENTIFIER = com.imtiazabbas.PicSafe;
				PRODUCT_NAME = "$(TARGET_NAME)";
				SWIFT_VERSION = 5.0;
				TARGETED_DEVICE_FAMILY = "1,2";
			};
			name = Release;
		};
/* End XCBuildConfiguration section */

/* Begin XCConfigurationList section */
		69D0AAD023193C2A00707ACE /* Build configuration list for PBXProject "PicSafe" */ = {
			isa = XCConfigurationList;
			buildConfigurations = (
				69D0AAE823193C2B00707ACE /* Debug */,
				69D0AAE923193C2B00707ACE /* Release */,
			);
			defaultConfigurationIsVisible = 0;
			defaultConfigurationName = Release;
		};
		69D0AAEA23193C2B00707ACE /* Build configuration list for PBXNativeTarget "PicSafe" */ = {
			isa = XCConfigurationList;
			buildConfigurations = (
				69D0AAEB23193C2B00707ACE /* Debug */,
				69D0AAEC23193C2B00707ACE /* Release */,
			);
			defaultConfigurationIsVisible = 0;
			defaultConfigurationName = Release;
		};
/* End XCConfigurationList section */

/* Begin XCVersionGroup section */
		69D0AADF23193C2A00707ACE /* PicSafe.xcdatamodeld */ = {
			isa = XCVersionGroup;
			children = (
				69D0AAE023193C2A00707ACE /* PicSafe.xcdatamodel */,
			);
			currentVersion = 69D0AAE023193C2A00707ACE /* PicSafe.xcdatamodel */;
			path = PicSafe.xcdatamodeld;
			sourceTree = "<group>";
			versionGroupType = wrapper.xcdatamodel;
		};
/* End XCVersionGroup section */
	};
	rootObject = 69D0AACD23193C2A00707ACE /* Project object */;
}
