PODS:
  - SteviaLayout (4.5.0)
  - SwiftLint (0.34.0)

DEPENDENCIES:
  - SteviaLayout
  - SwiftLint

SPEC REPOS:
  https://github.com/CocoaPods/Specs.git:
    - SteviaLayout
    - SwiftLint

SPEC CHECKSUMS:
  SteviaLayout: aa64a62810544348c9e328a6521cb9160fa82ec6
  SwiftLint: 79d48a17c6565dc286c37efb8322c7b450f95c67

PODFILE CHECKSUM: dbda9ceb4298e1da15e109c08ece44dd8d8ef835

COCOAPODS: 1.8.0.beta.1
